// !$*UTF8*$!
{
	archiveVersion = 1;
	classes = {
	};
	objectVersion = 51;
	objects = {

/* Begin PBXBuildFile section */
		9F17AC0725921809004DA248 /* AppDelegate.swift in Sources */ = {isa = PBXBuildFile; fileRef = 9F17AC0625921809004DA248 /* AppDelegate.swift */; };
		9F17AC0925921809004DA248 /* SceneDelegate.swift in Sources */ = {isa = PBXBuildFile; fileRef = 9F17AC0825921809004DA248 /* SceneDelegate.swift */; };
		9F17AC0E25921809004DA248 /* Main.storyboard in Resources */ = {isa = PBXBuildFile; fileRef = 9F17AC0C25921809004DA248 /* Main.storyboard */; };
		9F17AC102592180A004DA248 /* Assets.xcassets in Resources */ = {isa = PBXBuildFile; fileRef = 9F17AC0F2592180A004DA248 /* Assets.xcassets */; };
		9F17AC132592180A004DA248 /* LaunchScreen.storyboard in Resources */ = {isa = PBXBuildFile; fileRef = 9F17AC112592180A004DA248 /* LaunchScreen.storyboard */; };
		9F17AC242592193D004DA248 /* MainTabController.swift in Sources */ = {isa = PBXBuildFile; fileRef = 9F17AC232592193D004DA248 /* MainTabController.swift */; };
		9F17AC2725921C95004DA248 /* FeedController.swift in Sources */ = {isa = PBXBuildFile; fileRef = 9F17AC2625921C95004DA248 /* FeedController.swift */; };
		9F17AC2A25921CC5004DA248 /* ExploreController.swift in Sources */ = {isa = PBXBuildFile; fileRef = 9F17AC2925921CC5004DA248 /* ExploreController.swift */; };
		9F17AC2D25921CD7004DA248 /* NotificationController.swift in Sources */ = {isa = PBXBuildFile; fileRef = 9F17AC2C25921CD7004DA248 /* NotificationController.swift */; };
		9F17AC3025921CE3004DA248 /* ConversationController.swift in Sources */ = {isa = PBXBuildFile; fileRef = 9F17AC2F25921CE3004DA248 /* ConversationController.swift */; };
		9F17AC3325922581004DA248 /* Extensions.swift in Sources */ = {isa = PBXBuildFile; fileRef = 9F17AC3225922581004DA248 /* Extensions.swift */; };
		9F6A4F6E2594B10B000F6649 /* LoginController.swift in Sources */ = {isa = PBXBuildFile; fileRef = 9F6A4F6D2594B10B000F6649 /* LoginController.swift */; };
		9F6A4F712594B178000F6649 /* RegistrationController.swift in Sources */ = {isa = PBXBuildFile; fileRef = 9F6A4F702594B178000F6649 /* RegistrationController.swift */; };
		9F6A4F742595CDD8000F6649 /* Utilities.swift in Sources */ = {isa = PBXBuildFile; fileRef = 9F6A4F732595CDD8000F6649 /* Utilities.swift */; };
		9F8BF57E2597065C00204C03 /* Constants.swift in Sources */ = {isa = PBXBuildFile; fileRef = 9F8BF57D2597065B00204C03 /* Constants.swift */; };
		9FF411EB25970F7B0005C953 /* AuthService.swift in Sources */ = {isa = PBXBuildFile; fileRef = 9FF411EA25970F7B0005C953 /* AuthService.swift */; };
		9FF411EF259716140005C953 /* GoogleService-Info.plist in Resources */ = {isa = PBXBuildFile; fileRef = 9FF411EE259716140005C953 /* GoogleService-Info.plist */; };
		9FF411F22597311F0005C953 /* UserService.swift in Sources */ = {isa = PBXBuildFile; fileRef = 9FF411F12597311F0005C953 /* UserService.swift */; };
		9FF411F525974B2B0005C953 /* User.swift in Sources */ = {isa = PBXBuildFile; fileRef = 9FF411F425974B2B0005C953 /* User.swift */; };
		DA472F06D7E1102CB3BDC450 /* Pods_twitter_clone.framework in Frameworks */ = {isa = PBXBuildFile; fileRef = 4865C145B01490A11A85835B /* Pods_twitter_clone.framework */; };
/* End PBXBuildFile section */

/* Begin PBXFileReference section */
		16DB69865D0CE69D6EFF2FCD /* Pods-twitter-clone.release.xcconfig */ = {isa = PBXFileReference; includeInIndex = 1; lastKnownFileType = text.xcconfig; name = "Pods-twitter-clone.release.xcconfig"; path = "Target Support Files/Pods-twitter-clone/Pods-twitter-clone.release.xcconfig"; sourceTree = "<group>"; };
		4865C145B01490A11A85835B /* Pods_twitter_clone.framework */ = {isa = PBXFileReference; explicitFileType = wrapper.framework; includeInIndex = 0; path = Pods_twitter_clone.framework; sourceTree = BUILT_PRODUCTS_DIR; };
		6C2514452126501CA70B159B /* Pods-twitter-clone.debug.xcconfig */ = {isa = PBXFileReference; includeInIndex = 1; lastKnownFileType = text.xcconfig; name = "Pods-twitter-clone.debug.xcconfig"; path = "Target Support Files/Pods-twitter-clone/Pods-twitter-clone.debug.xcconfig"; sourceTree = "<group>"; };
		9F17AC0325921809004DA248 /* twitter-clone.app */ = {isa = PBXFileReference; explicitFileType = wrapper.application; includeInIndex = 0; path = "twitter-clone.app"; sourceTree = BUILT_PRODUCTS_DIR; };
		9F17AC0625921809004DA248 /* AppDelegate.swift */ = {isa = PBXFileReference; lastKnownFileType = sourcecode.swift; path = AppDelegate.swift; sourceTree = "<group>"; };
		9F17AC0825921809004DA248 /* SceneDelegate.swift */ = {isa = PBXFileReference; lastKnownFileType = sourcecode.swift; path = SceneDelegate.swift; sourceTree = "<group>"; };
		9F17AC0D25921809004DA248 /* Base */ = {isa = PBXFileReference; lastKnownFileType = file.storyboard; name = Base; path = Base.lproj/Main.storyboard; sourceTree = "<group>"; };
		9F17AC0F2592180A004DA248 /* Assets.xcassets */ = {isa = PBXFileReference; lastKnownFileType = folder.assetcatalog; path = Assets.xcassets; sourceTree = "<group>"; };
		9F17AC122592180A004DA248 /* Base */ = {isa = PBXFileReference; lastKnownFileType = file.storyboard; name = Base; path = Base.lproj/LaunchScreen.storyboard; sourceTree = "<group>"; };
		9F17AC142592180A004DA248 /* Info.plist */ = {isa = PBXFileReference; lastKnownFileType = text.plist.xml; path = Info.plist; sourceTree = "<group>"; };
		9F17AC232592193D004DA248 /* MainTabController.swift */ = {isa = PBXFileReference; lastKnownFileType = sourcecode.swift; path = MainTabController.swift; sourceTree = "<group>"; };
		9F17AC2625921C95004DA248 /* FeedController.swift */ = {isa = PBXFileReference; lastKnownFileType = sourcecode.swift; path = FeedController.swift; sourceTree = "<group>"; };
		9F17AC2925921CC5004DA248 /* ExploreController.swift */ = {isa = PBXFileReference; lastKnownFileType = sourcecode.swift; path = ExploreController.swift; sourceTree = "<group>"; };
		9F17AC2C25921CD7004DA248 /* NotificationController.swift */ = {isa = PBXFileReference; lastKnownFileType = sourcecode.swift; path = NotificationController.swift; sourceTree = "<group>"; };
		9F17AC2F25921CE3004DA248 /* ConversationController.swift */ = {isa = PBXFileReference; lastKnownFileType = sourcecode.swift; path = ConversationController.swift; sourceTree = "<group>"; };
		9F17AC3225922581004DA248 /* Extensions.swift */ = {isa = PBXFileReference; lastKnownFileType = sourcecode.swift; path = Extensions.swift; sourceTree = "<group>"; };
		9F6A4F6D2594B10B000F6649 /* LoginController.swift */ = {isa = PBXFileReference; lastKnownFileType = sourcecode.swift; path = LoginController.swift; sourceTree = "<group>"; };
		9F6A4F702594B178000F6649 /* RegistrationController.swift */ = {isa = PBXFileReference; lastKnownFileType = sourcecode.swift; path = RegistrationController.swift; sourceTree = "<group>"; };
		9F6A4F732595CDD8000F6649 /* Utilities.swift */ = {isa = PBXFileReference; lastKnownFileType = sourcecode.swift; path = Utilities.swift; sourceTree = "<group>"; };
		9F8BF57D2597065B00204C03 /* Constants.swift */ = {isa = PBXFileReference; lastKnownFileType = sourcecode.swift; path = Constants.swift; sourceTree = "<group>"; };
		9FF411EA25970F7B0005C953 /* AuthService.swift */ = {isa = PBXFileReference; lastKnownFileType = sourcecode.swift; path = AuthService.swift; sourceTree = "<group>"; };
		9FF411EE259716140005C953 /* GoogleService-Info.plist */ = {isa = PBXFileReference; fileEncoding = 4; lastKnownFileType = text.plist.xml; path = "GoogleService-Info.plist"; sourceTree = "<group>"; };
		9FF411F12597311F0005C953 /* UserService.swift */ = {isa = PBXFileReference; lastKnownFileType = sourcecode.swift; path = UserService.swift; sourceTree = "<group>"; };
		9FF411F425974B2B0005C953 /* User.swift */ = {isa = PBXFileReference; lastKnownFileType = sourcecode.swift; path = User.swift; sourceTree = "<group>"; };
/* End PBXFileReference section */

/* Begin PBXFrameworksBuildPhase section */
		9F17AC0025921809004DA248 /* Frameworks */ = {
			isa = PBXFrameworksBuildPhase;
			buildActionMask = 2147483647;
			files = (
				DA472F06D7E1102CB3BDC450 /* Pods_twitter_clone.framework in Frameworks */,
			);
			runOnlyForDeploymentPostprocessing = 0;
		};
/* End PBXFrameworksBuildPhase section */

/* Begin PBXGroup section */
		4762E7C221EFE2069DE10F12 /* Pods */ = {
			isa = PBXGroup;
			children = (
				6C2514452126501CA70B159B /* Pods-twitter-clone.debug.xcconfig */,
				16DB69865D0CE69D6EFF2FCD /* Pods-twitter-clone.release.xcconfig */,
			);
			path = Pods;
			sourceTree = "<group>";
		};
		4A038EC428E1157919F17F2B /* Frameworks */ = {
			isa = PBXGroup;
			children = (
				4865C145B01490A11A85835B /* Pods_twitter_clone.framework */,
			);
			name = Frameworks;
			sourceTree = "<group>";
		};
		9F17ABFA25921809004DA248 = {
			isa = PBXGroup;
			children = (
				9F17AC0525921809004DA248 /* twitter-clone */,
				9F17AC0425921809004DA248 /* Products */,
				4762E7C221EFE2069DE10F12 /* Pods */,
				4A038EC428E1157919F17F2B /* Frameworks */,
			);
			sourceTree = "<group>";
		};
		9F17AC0425921809004DA248 /* Products */ = {
			isa = PBXGroup;
			children = (
				9F17AC0325921809004DA248 /* twitter-clone.app */,
			);
			name = Products;
			sourceTree = "<group>";
		};
		9F17AC0525921809004DA248 /* twitter-clone */ = {
			isa = PBXGroup;
			children = (
				9F17AC1F25921856004DA248 /* Model */,
				9F17AC1E25921853004DA248 /* View */,
				9F17AC1D2592184E004DA248 /* ViewModel */,
				9F17AC1C2592184B004DA248 /* Controller */,
				9F17AC1B25921848004DA248 /* API */,
				9F17AC202592187B004DA248 /* Utils */,
				9F17AC0625921809004DA248 /* AppDelegate.swift */,
				9FF411EE259716140005C953 /* GoogleService-Info.plist */,
				9F17AC0825921809004DA248 /* SceneDelegate.swift */,
				9F17AC0C25921809004DA248 /* Main.storyboard */,
				9F17AC0F2592180A004DA248 /* Assets.xcassets */,
				9F17AC112592180A004DA248 /* LaunchScreen.storyboard */,
				9F17AC142592180A004DA248 /* Info.plist */,
			);
			path = "twitter-clone";
			sourceTree = "<group>";
		};
		9F17AC1B25921848004DA248 /* API */ = {
			isa = PBXGroup;
			children = (
				9FF411EA25970F7B0005C953 /* AuthService.swift */,
				9FF411F12597311F0005C953 /* UserService.swift */,
			);
			path = API;
			sourceTree = "<group>";
		};
		9F17AC1C2592184B004DA248 /* Controller */ = {
			isa = PBXGroup;
			children = (
				9F6A4F6C2594B0F2000F6649 /* Authentication */,
				9F17AC232592193D004DA248 /* MainTabController.swift */,
				9F17AC2625921C95004DA248 /* FeedController.swift */,
				9F17AC2925921CC5004DA248 /* ExploreController.swift */,
				9F17AC2C25921CD7004DA248 /* NotificationController.swift */,
				9F17AC2F25921CE3004DA248 /* ConversationController.swift */,
			);
			path = Controller;
			sourceTree = "<group>";
		};
		9F17AC1D2592184E004DA248 /* ViewModel */ = {
			isa = PBXGroup;
			children = (
			);
			path = ViewModel;
			sourceTree = "<group>";
		};
		9F17AC1E25921853004DA248 /* View */ = {
			isa = PBXGroup;
			children = (
			);
			path = View;
			sourceTree = "<group>";
		};
		9F17AC1F25921856004DA248 /* Model */ = {
			isa = PBXGroup;
			children = (
				9FF411F425974B2B0005C953 /* User.swift */,
			);
			path = Model;
			sourceTree = "<group>";
		};
		9F17AC202592187B004DA248 /* Utils */ = {
			isa = PBXGroup;
			children = (
				9F17AC3225922581004DA248 /* Extensions.swift */,
				9F6A4F732595CDD8000F6649 /* Utilities.swift */,
				9F8BF57D2597065B00204C03 /* Constants.swift */,
			);
			path = Utils;
			sourceTree = "<group>";
		};
		9F6A4F6C2594B0F2000F6649 /* Authentication */ = {
			isa = PBXGroup;
			children = (
				9F6A4F6D2594B10B000F6649 /* LoginController.swift */,
				9F6A4F702594B178000F6649 /* RegistrationController.swift */,
			);
			path = Authentication;
			sourceTree = "<group>";
		};
/* End PBXGroup section */

/* Begin PBXNativeTarget section */
		9F17AC0225921809004DA248 /* twitter-clone */ = {
			isa = PBXNativeTarget;
			buildConfigurationList = 9F17AC172592180A004DA248 /* Build configuration list for PBXNativeTarget "twitter-clone" */;
			buildPhases = (
				2C25E76AFB0CC6013552B803 /* [CP] Check Pods Manifest.lock */,
				9F17ABFF25921809004DA248 /* Sources */,
				9F17AC0025921809004DA248 /* Frameworks */,
				9F17AC0125921809004DA248 /* Resources */,
				14B0FFD06FC46B3289DEB533 /* [CP] Embed Pods Frameworks */,
			);
			buildRules = (
			);
			dependencies = (
			);
			name = "twitter-clone";
			productName = "twitter-clone";
			productReference = 9F17AC0325921809004DA248 /* twitter-clone.app */;
			productType = "com.apple.product-type.application";
		};
/* End PBXNativeTarget section */

/* Begin PBXProject section */
		9F17ABFB25921809004DA248 /* Project object */ = {
			isa = PBXProject;
			attributes = {
				LastSwiftUpdateCheck = 1200;
				LastUpgradeCheck = 1200;
				TargetAttributes = {
					9F17AC0225921809004DA248 = {
						CreatedOnToolsVersion = 12.0.1;
					};
				};
			};
			buildConfigurationList = 9F17ABFE25921809004DA248 /* Build configuration list for PBXProject "twitter-clone" */;
			compatibilityVersion = "Xcode 9.3";
			developmentRegion = en;
			hasScannedForEncodings = 0;
			knownRegions = (
				en,
				Base,
			);
			mainGroup = 9F17ABFA25921809004DA248;
			productRefGroup = 9F17AC0425921809004DA248 /* Products */;
			projectDirPath = "";
			projectRoot = "";
			targets = (
				9F17AC0225921809004DA248 /* twitter-clone */,
			);
		};
/* End PBXProject section */

/* Begin PBXResourcesBuildPhase section */
		9F17AC0125921809004DA248 /* Resources */ = {
			isa = PBXResourcesBuildPhase;
			buildActionMask = 2147483647;
			files = (
				9F17AC132592180A004DA248 /* LaunchScreen.storyboard in Resources */,
				9FF411EF259716140005C953 /* GoogleService-Info.plist in Resources */,
				9F17AC102592180A004DA248 /* Assets.xcassets in Resources */,
				9F17AC0E25921809004DA248 /* Main.storyboard in Resources */,
			);
			runOnlyForDeploymentPostprocessing = 0;
		};
/* End PBXResourcesBuildPhase section */

/* Begin PBXShellScriptBuildPhase section */
		14B0FFD06FC46B3289DEB533 /* [CP] Embed Pods Frameworks */ = {
			isa = PBXShellScriptBuildPhase;
			buildActionMask = 2147483647;
			files = (
			);
			inputFileListPaths = (
				"${PODS_ROOT}/Target Support Files/Pods-twitter-clone/Pods-twitter-clone-frameworks-${CONFIGURATION}-input-files.xcfilelist",
			);
			name = "[CP] Embed Pods Frameworks";
			outputFileListPaths = (
				"${PODS_ROOT}/Target Support Files/Pods-twitter-clone/Pods-twitter-clone-frameworks-${CONFIGURATION}-output-files.xcfilelist",
			);
			runOnlyForDeploymentPostprocessing = 0;
			shellPath = /bin/sh;
			shellScript = "\"${PODS_ROOT}/Target Support Files/Pods-twitter-clone/Pods-twitter-clone-frameworks.sh\"\n";
			showEnvVarsInLog = 0;
		};
		2C25E76AFB0CC6013552B803 /* [CP] Check Pods Manifest.lock */ = {
			isa = PBXShellScriptBuildPhase;
			buildActionMask = 2147483647;
			files = (
			);
			inputFileListPaths = (
			);
			inputPaths = (
				"${PODS_PODFILE_DIR_PATH}/Podfile.lock",
				"${PODS_ROOT}/Manifest.lock",
			);
			name = "[CP] Check Pods Manifest.lock";
			outputFileListPaths = (
			);
			outputPaths = (
				"$(DERIVED_FILE_DIR)/Pods-twitter-clone-checkManifestLockResult.txt",
			);
			runOnlyForDeploymentPostprocessing = 0;
			shellPath = /bin/sh;
			shellScript = "diff \"${PODS_PODFILE_DIR_PATH}/Podfile.lock\" \"${PODS_ROOT}/Manifest.lock\" > /dev/null\nif [ $? != 0 ] ; then\n    # print error to STDERR\n    echo \"error: The sandbox is not in sync with the Podfile.lock. Run 'pod install' or update your CocoaPods installation.\" >&2\n    exit 1\nfi\n# This output is used by Xcode 'outputs' to avoid re-running this script phase.\necho \"SUCCESS\" > \"${SCRIPT_OUTPUT_FILE_0}\"\n";
			showEnvVarsInLog = 0;
		};
/* End PBXShellScriptBuildPhase section */

/* Begin PBXSourcesBuildPhase section */
		9F17ABFF25921809004DA248 /* Sources */ = {
			isa = PBXSourcesBuildPhase;
			buildActionMask = 2147483647;
			files = (
				9FF411F22597311F0005C953 /* UserService.swift in Sources */,
				9F17AC2D25921CD7004DA248 /* NotificationController.swift in Sources */,
				9F17AC0725921809004DA248 /* AppDelegate.swift in Sources */,
				9F6A4F742595CDD8000F6649 /* Utilities.swift in Sources */,
				9F17AC2A25921CC5004DA248 /* ExploreController.swift in Sources */,
				9F17AC3325922581004DA248 /* Extensions.swift in Sources */,
				9F6A4F6E2594B10B000F6649 /* LoginController.swift in Sources */,
				9FF411EB25970F7B0005C953 /* AuthService.swift in Sources */,
				9FF411F525974B2B0005C953 /* User.swift in Sources */,
				9F17AC0925921809004DA248 /* SceneDelegate.swift in Sources */,
				9F17AC242592193D004DA248 /* MainTabController.swift in Sources */,
				9F17AC3025921CE3004DA248 /* ConversationController.swift in Sources */,
				9F6A4F712594B178000F6649 /* RegistrationController.swift in Sources */,
				9F17AC2725921C95004DA248 /* FeedController.swift in Sources */,
				9F8BF57E2597065C00204C03 /* Constants.swift in Sources */,
			);
			runOnlyForDeploymentPostprocessing = 0;
		};
/* End PBXSourcesBuildPhase section */

/* Begin PBXVariantGroup section */
		9F17AC0C25921809004DA248 /* Main.storyboard */ = {
			isa = PBXVariantGroup;
			children = (
				9F17AC0D25921809004DA248 /* Base */,
			);
			name = Main.storyboard;
			sourceTree = "<group>";
		};
		9F17AC112592180A004DA248 /* LaunchScreen.storyboard */ = {
			isa = PBXVariantGroup;
			children = (
				9F17AC122592180A004DA248 /* Base */,
			);
			name = LaunchScreen.storyboard;
			sourceTree = "<group>";
		};
/* End PBXVariantGroup section */

/* Begin XCBuildConfiguration section */
		9F17AC152592180A004DA248 /* Debug */ = {
			isa = XCBuildConfiguration;
			buildSettings = {
				ALWAYS_SEARCH_USER_PATHS = NO;
				CLANG_ANALYZER_NONNULL = YES;
				CLANG_ANALYZER_NUMBER_OBJECT_CONVERSION = YES_AGGRESSIVE;
				CLANG_CXX_LANGUAGE_STANDARD = "gnu++14";
				CLANG_CXX_LIBRARY = "libc++";
				CLANG_ENABLE_MODULES = YES;
				CLANG_ENABLE_OBJC_ARC = YES;
				CLANG_ENABLE_OBJC_WEAK = YES;
				CLANG_WARN_BLOCK_CAPTURE_AUTORELEASING = YES;
				CLANG_WARN_BOOL_CONVERSION = YES;
				CLANG_WARN_COMMA = YES;
				CLANG_WARN_CONSTANT_CONVERSION = YES;
				CLANG_WARN_DEPRECATED_OBJC_IMPLEMENTATIONS = YES;
				CLANG_WARN_DIRECT_OBJC_ISA_USAGE = YES_ERROR;
				CLANG_WARN_DOCUMENTATION_COMMENTS = YES;
				CLANG_WARN_EMPTY_BODY = YES;
				CLANG_WARN_ENUM_CONVERSION = YES;
				CLANG_WARN_INFINITE_RECURSION = YES;
				CLANG_WARN_INT_CONVERSION = YES;
				CLANG_WARN_NON_LITERAL_NULL_CONVERSION = YES;
				CLANG_WARN_OBJC_IMPLICIT_RETAIN_SELF = YES;
				CLANG_WARN_OBJC_LITERAL_CONVERSION = YES;
				CLANG_WARN_OBJC_ROOT_CLASS = YES_ERROR;
				CLANG_WARN_QUOTED_INCLUDE_IN_FRAMEWORK_HEADER = YES;
				CLANG_WARN_RANGE_LOOP_ANALYSIS = YES;
				CLANG_WARN_STRICT_PROTOTYPES = YES;
				CLANG_WARN_SUSPICIOUS_MOVE = YES;
				CLANG_WARN_UNGUARDED_AVAILABILITY = YES_AGGRESSIVE;
				CLANG_WARN_UNREACHABLE_CODE = YES;
				CLANG_WARN__DUPLICATE_METHOD_MATCH = YES;
				COPY_PHASE_STRIP = NO;
				DEBUG_INFORMATION_FORMAT = dwarf;
				ENABLE_STRICT_OBJC_MSGSEND = YES;
				ENABLE_TESTABILITY = YES;
				GCC_C_LANGUAGE_STANDARD = gnu11;
				GCC_DYNAMIC_NO_PIC = NO;
				GCC_NO_COMMON_BLOCKS = YES;
				GCC_OPTIMIZATION_LEVEL = 0;
				GCC_PREPROCESSOR_DEFINITIONS = (
					"DEBUG=1",
					"$(inherited)",
				);
				GCC_WARN_64_TO_32_BIT_CONVERSION = YES;
				GCC_WARN_ABOUT_RETURN_TYPE = YES_ERROR;
				GCC_WARN_UNDECLARED_SELECTOR = YES;
				GCC_WARN_UNINITIALIZED_AUTOS = YES_AGGRESSIVE;
				GCC_WARN_UNUSED_FUNCTION = YES;
				GCC_WARN_UNUSED_VARIABLE = YES;
				IPHONEOS_DEPLOYMENT_TARGET = 14.0;
				MTL_ENABLE_DEBUG_INFO = INCLUDE_SOURCE;
				MTL_FAST_MATH = YES;
				ONLY_ACTIVE_ARCH = YES;
				SDKROOT = iphoneos;
				SWIFT_ACTIVE_COMPILATION_CONDITIONS = DEBUG;
				SWIFT_OPTIMIZATION_LEVEL = "-Onone";
			};
			name = Debug;
		};
		9F17AC162592180A004DA248 /* Release */ = {
			isa = XCBuildConfiguration;
			buildSettings = {
				ALWAYS_SEARCH_USER_PATHS = NO;
				CLANG_ANALYZER_NONNULL = YES;
				CLANG_ANALYZER_NUMBER_OBJECT_CONVERSION = YES_AGGRESSIVE;
				CLANG_CXX_LANGUAGE_STANDARD = "gnu++14";
				CLANG_CXX_LIBRARY = "libc++";
				CLANG_ENABLE_MODULES = YES;
				CLANG_ENABLE_OBJC_ARC = YES;
				CLANG_ENABLE_OBJC_WEAK = YES;
				CLANG_WARN_BLOCK_CAPTURE_AUTORELEASING = YES;
				CLANG_WARN_BOOL_CONVERSION = YES;
				CLANG_WARN_COMMA = YES;
				CLANG_WARN_CONSTANT_CONVERSION = YES;
				CLANG_WARN_DEPRECATED_OBJC_IMPLEMENTATIONS = YES;
				CLANG_WARN_DIRECT_OBJC_ISA_USAGE = YES_ERROR;
				CLANG_WARN_DOCUMENTATION_COMMENTS = YES;
				CLANG_WARN_EMPTY_BODY = YES;
				CLANG_WARN_ENUM_CONVERSION = YES;
				CLANG_WARN_INFINITE_RECURSION = YES;
				CLANG_WARN_INT_CONVERSION = YES;
				CLANG_WARN_NON_LITERAL_NULL_CONVERSION = YES;
				CLANG_WARN_OBJC_IMPLICIT_RETAIN_SELF = YES;
				CLANG_WARN_OBJC_LITERAL_CONVERSION = YES;
				CLANG_WARN_OBJC_ROOT_CLASS = YES_ERROR;
				CLANG_WARN_QUOTED_INCLUDE_IN_FRAMEWORK_HEADER = YES;
				CLANG_WARN_RANGE_LOOP_ANALYSIS = YES;
				CLANG_WARN_STRICT_PROTOTYPES = YES;
				CLANG_WARN_SUSPICIOUS_MOVE = YES;
				CLANG_WARN_UNGUARDED_AVAILABILITY = YES_AGGRESSIVE;
				CLANG_WARN_UNREACHABLE_CODE = YES;
				CLANG_WARN__DUPLICATE_METHOD_MATCH = YES;
				COPY_PHASE_STRIP = NO;
				DEBUG_INFORMATION_FORMAT = "dwarf-with-dsym";
				ENABLE_NS_ASSERTIONS = NO;
				ENABLE_STRICT_OBJC_MSGSEND = YES;
				GCC_C_LANGUAGE_STANDARD = gnu11;
				GCC_NO_COMMON_BLOCKS = YES;
				GCC_WARN_64_TO_32_BIT_CONVERSION = YES;
				GCC_WARN_ABOUT_RETURN_TYPE = YES_ERROR;
				GCC_WARN_UNDECLARED_SELECTOR = YES;
				GCC_WARN_UNINITIALIZED_AUTOS = YES_AGGRESSIVE;
				GCC_WARN_UNUSED_FUNCTION = YES;
				GCC_WARN_UNUSED_VARIABLE = YES;
				IPHONEOS_DEPLOYMENT_TARGET = 14.0;
				MTL_ENABLE_DEBUG_INFO = NO;
				MTL_FAST_MATH = YES;
				SDKROOT = iphoneos;
				SWIFT_COMPILATION_MODE = wholemodule;
				SWIFT_OPTIMIZATION_LEVEL = "-O";
				VALIDATE_PRODUCT = YES;
			};
			name = Release;
		};
		9F17AC182592180A004DA248 /* Debug */ = {
			isa = XCBuildConfiguration;
			baseConfigurationReference = 6C2514452126501CA70B159B /* Pods-twitter-clone.debug.xcconfig */;
			buildSettings = {
				ASSETCATALOG_COMPILER_APPICON_NAME = AppIcon;
				ASSETCATALOG_COMPILER_GLOBAL_ACCENT_COLOR_NAME = AccentColor;
				CODE_SIGN_STYLE = Automatic;
				DEVELOPMENT_TEAM = 4L2695C228;
				INFOPLIST_FILE = "twitter-clone/Info.plist";
				LD_RUNPATH_SEARCH_PATHS = (
					"$(inherited)",
					"@executable_path/Frameworks",
				);
				PRODUCT_BUNDLE_IDENTIFIER = "com.TedHyeong.twitter-clone";
				PRODUCT_NAME = "$(TARGET_NAME)";
				SWIFT_VERSION = 5.0;
				TARGETED_DEVICE_FAMILY = "1,2";
			};
			name = Debug;
		};
		9F17AC192592180A004DA248 /* Release */ = {
			isa = XCBuildConfiguration;
			baseConfigurationReference = 16DB69865D0CE69D6EFF2FCD /* Pods-twitter-clone.release.xcconfig */;
			buildSettings = {
				ASSETCATALOG_COMPILER_APPICON_NAME = AppIcon;
				ASSETCATALOG_COMPILER_GLOBAL_ACCENT_COLOR_NAME = AccentColor;
				CODE_SIGN_STYLE = Automatic;
				DEVELOPMENT_TEAM = 4L2695C228;
				INFOPLIST_FILE = "twitter-clone/Info.plist";
				LD_RUNPATH_SEARCH_PATHS = (
					"$(inherited)",
					"@executable_path/Frameworks",
				);
				PRODUCT_BUNDLE_IDENTIFIER = "com.TedHyeong.twitter-clone";
				PRODUCT_NAME = "$(TARGET_NAME)";
				SWIFT_VERSION = 5.0;
				TARGETED_DEVICE_FAMILY = "1,2";
			};
			name = Release;
		};
/* End XCBuildConfiguration section */

/* Begin XCConfigurationList section */
		9F17ABFE25921809004DA248 /* Build configuration list for PBXProject "twitter-clone" */ = {
			isa = XCConfigurationList;
			buildConfigurations = (
				9F17AC152592180A004DA248 /* Debug */,
				9F17AC162592180A004DA248 /* Release */,
			);
			defaultConfigurationIsVisible = 0;
			defaultConfigurationName = Release;
		};
		9F17AC172592180A004DA248 /* Build configuration list for PBXNativeTarget "twitter-clone" */ = {
			isa = XCConfigurationList;
			buildConfigurations = (
				9F17AC182592180A004DA248 /* Debug */,
				9F17AC192592180A004DA248 /* Release */,
			);
			defaultConfigurationIsVisible = 0;
			defaultConfigurationName = Release;
		};
/* End XCConfigurationList section */
	};
	rootObject = 9F17ABFB25921809004DA248 /* Project object */;
}
